
Microsoft Visual Studio Solution File, Format Version 12.00
# Visual Studio Version 17
VisualStudioVersion = 17.8.34525.116
MinimumVisualStudioVersion = 10.0.40219.1
Project("{FAE04EC0-301F-11D3-BF4B-00C04F79EFBC}") = "VideoFrameExtractor", "VideoFrameExtractor\VideoFrameExtractor.csproj", "{276303CC-69C4-4A39-9967-C6C5FFA5BBAD}"
EndProject
Global
	GlobalSection(SolutionConfigurationPlatforms) = preSolution
		Debug|Any CPU = Debug|Any CPU
		Release|Any CPU = Release|Any CPU
	EndGlobalSection
	GlobalSection(ProjectConfigurationPlatforms) = postSolution
		{276303CC-69C4-4A39-9967-C6C5FFA5BBAD}.Debug|Any CPU.ActiveCfg = Debug|Any CPU
		{276303CC-69C4-4A39-9967-C6C5FFA5BBAD}.Debug|Any CPU.Build.0 = Debug|Any CPU
		{276303CC-69C4-4A39-9967-C6C5FFA5BBAD}.Release|Any CPU.ActiveCfg = Release|Any CPU
		{276303CC-69C4-4A39-9967-C6C5FFA5BBAD}.Release|Any CPU.Build.0 = Release|Any CPU
	EndGlobalSection
	GlobalSection(SolutionProperties) = preSolution
		HideSolutionNode = FALSE
	EndGlobalSection
	GlobalSection(ExtensibilityGlobals) = postSolution
		SolutionGuid = {FFF340D3-8D92-47EE-A083-5658BE228AAD}
	EndGlobalSection
EndGlobal
